// !$*UTF8*$!
{
	archiveVersion = 1;
	classes = {
	};
	objectVersion = 56;
	objects = {

/* Begin PBXBuildFile section */
		DF00959B2B63B22200A86DF4 /* SentimentAnalysisApp.swift in Sources */ = {isa = PBXBuildFile; fileRef = DF00959A2B63B22200A86DF4 /* SentimentAnalysisApp.swift */; };
		DF00959D2B63B22200A86DF4 /* ContentView.swift in Sources */ = {isa = PBXBuildFile; fileRef = DF00959C2B63B22200A86DF4 /* ContentView.swift */; };
		DF00959F2B63B22400A86DF4 /* Assets.xcassets in Resources */ = {isa = PBXBuildFile; fileRef = DF00959E2B63B22400A86DF4 /* Assets.xcassets */; };
		DF0095A22B63B22400A86DF4 /* Preview Assets.xcassets in Resources */ = {isa = PBXBuildFile; fileRef = DF0095A12B63B22400A86DF4 /* Preview Assets.xcassets */; };
		DF0095AC2B63B22400A86DF4 /* SentimentAnalysisTests.swift in Sources */ = {isa = PBXBuildFile; fileRef = DF0095AB2B63B22400A86DF4 /* SentimentAnalysisTests.swift */; };
		DF0095B62B63B22400A86DF4 /* SentimentAnalysisUITests.swift in Sources */ = {isa = PBXBuildFile; fileRef = DF0095B52B63B22400A86DF4 /* SentimentAnalysisUITests.swift */; };
		DF0095B82B63B22400A86DF4 /* SentimentAnalysisUITestsLaunchTests.swift in Sources */ = {isa = PBXBuildFile; fileRef = DF0095B72B63B22400A86DF4 /* SentimentAnalysisUITestsLaunchTests.swift */; };
/* End PBXBuildFile section */

/* Begin PBXContainerItemProxy section */
		DF0095A82B63B22400A86DF4 /* PBXContainerItemProxy */ = {
			isa = PBXContainerItemProxy;
			containerPortal = DF00958F2B63B22100A86DF4 /* Project object */;
			proxyType = 1;
			remoteGlobalIDString = DF0095962B63B22200A86DF4;
			remoteInfo = SentimentAnalysis;
		};
		DF0095B22B63B22400A86DF4 /* PBXContainerItemProxy */ = {
			isa = PBXContainerItemProxy;
			containerPortal = DF00958F2B63B22100A86DF4 /* Project object */;
			proxyType = 1;
			remoteGlobalIDString = DF0095962B63B22200A86DF4;
			remoteInfo = SentimentAnalysis;
		};
/* End PBXContainerItemProxy section */

/* Begin PBXFileReference section */
		DF0095972B63B22200A86DF4 /* SentimentAnalysis.app */ = {isa = PBXFileReference; explicitFileType = wrapper.application; includeInIndex = 0; path = SentimentAnalysis.app; sourceTree = BUILT_PRODUCTS_DIR; };
		DF00959A2B63B22200A86DF4 /* SentimentAnalysisApp.swift */ = {isa = PBXFileReference; lastKnownFileType = sourcecode.swift; path = SentimentAnalysisApp.swift; sourceTree = "<group>"; };
		DF00959C2B63B22200A86DF4 /* ContentView.swift */ = {isa = PBXFileReference; lastKnownFileType = sourcecode.swift; path = ContentView.swift; sourceTree = "<group>"; };
		DF00959E2B63B22400A86DF4 /* Assets.xcassets */ = {isa = PBXFileReference; lastKnownFileType = folder.assetcatalog; path = Assets.xcassets; sourceTree = "<group>"; };
		DF0095A12B63B22400A86DF4 /* Preview Assets.xcassets */ = {isa = PBXFileReference; lastKnownFileType = folder.assetcatalog; path = "Preview Assets.xcassets"; sourceTree = "<group>"; };
		DF0095A72B63B22400A86DF4 /* SentimentAnalysisTests.xctest */ = {isa = PBXFileReference; explicitFileType = wrapper.cfbundle; includeInIndex = 0; path = SentimentAnalysisTests.xctest; sourceTree = BUILT_PRODUCTS_DIR; };
		DF0095AB2B63B22400A86DF4 /* SentimentAnalysisTests.swift */ = {isa = PBXFileReference; lastKnownFileType = sourcecode.swift; path = SentimentAnalysisTests.swift; sourceTree = "<group>"; };
		DF0095B12B63B22400A86DF4 /* SentimentAnalysisUITests.xctest */ = {isa = PBXFileReference; explicitFileType = wrapper.cfbundle; includeInIndex = 0; path = SentimentAnalysisUITests.xctest; sourceTree = BUILT_PRODUCTS_DIR; };
		DF0095B52B63B22400A86DF4 /* SentimentAnalysisUITests.swift */ = {isa = PBXFileReference; lastKnownFileType = sourcecode.swift; path = SentimentAnalysisUITests.swift; sourceTree = "<group>"; };
		DF0095B72B63B22400A86DF4 /* SentimentAnalysisUITestsLaunchTests.swift */ = {isa = PBXFileReference; lastKnownFileType = sourcecode.swift; path = SentimentAnalysisUITestsLaunchTests.swift; sourceTree = "<group>"; };
/* End PBXFileReference section */

/* Begin PBXFrameworksBuildPhase section */
		DF0095942B63B22200A86DF4 /* Frameworks */ = {
			isa = PBXFrameworksBuildPhase;
			buildActionMask = 2147483647;
			files = (
			);
			runOnlyForDeploymentPostprocessing = 0;
		};
		DF0095A42B63B22400A86DF4 /* Frameworks */ = {
			isa = PBXFrameworksBuildPhase;
			buildActionMask = 2147483647;
			files = (
			);
			runOnlyForDeploymentPostprocessing = 0;
		};
		DF0095AE2B63B22400A86DF4 /* Frameworks */ = {
			isa = PBXFrameworksBuildPhase;
			buildActionMask = 2147483647;
			files = (
			);
			runOnlyForDeploymentPostprocessing = 0;
		};
/* End PBXFrameworksBuildPhase section */

/* Begin PBXGroup section */
		DF00958E2B63B22100A86DF4 = {
			isa = PBXGroup;
			children = (
				DF0095992B63B22200A86DF4 /* SentimentAnalysis */,
				DF0095AA2B63B22400A86DF4 /* SentimentAnalysisTests */,
				DF0095B42B63B22400A86DF4 /* SentimentAnalysisUITests */,
				DF0095982B63B22200A86DF4 /* Products */,
			);
			sourceTree = "<group>";
		};
		DF0095982B63B22200A86DF4 /* Products */ = {
			isa = PBXGroup;
			children = (
				DF0095972B63B22200A86DF4 /* SentimentAnalysis.app */,
				DF0095A72B63B22400A86DF4 /* SentimentAnalysisTests.xctest */,
				DF0095B12B63B22400A86DF4 /* SentimentAnalysisUITests.xctest */,
			);
			name = Products;
			sourceTree = "<group>";
		};
		DF0095992B63B22200A86DF4 /* SentimentAnalysis */ = {
			isa = PBXGroup;
			children = (
				DF00959A2B63B22200A86DF4 /* SentimentAnalysisApp.swift */,
				DF00959C2B63B22200A86DF4 /* ContentView.swift */,
				DF00959E2B63B22400A86DF4 /* Assets.xcassets */,
				DF0095A02B63B22400A86DF4 /* Preview Content */,
			);
			path = SentimentAnalysis;
			sourceTree = "<group>";
		};
		DF0095A02B63B22400A86DF4 /* Preview Content */ = {
			isa = PBXGroup;
			children = (
				DF0095A12B63B22400A86DF4 /* Preview Assets.xcassets */,
			);
			path = "Preview Content";
			sourceTree = "<group>";
		};
		DF0095AA2B63B22400A86DF4 /* SentimentAnalysisTests */ = {
			isa = PBXGroup;
			children = (
				DF0095AB2B63B22400A86DF4 /* SentimentAnalysisTests.swift */,
			);
			path = SentimentAnalysisTests;
			sourceTree = "<group>";
		};
		DF0095B42B63B22400A86DF4 /* SentimentAnalysisUITests */ = {
			isa = PBXGroup;
			children = (
				DF0095B52B63B22400A86DF4 /* SentimentAnalysisUITests.swift */,
				DF0095B72B63B22400A86DF4 /* SentimentAnalysisUITestsLaunchTests.swift */,
			);
			path = SentimentAnalysisUITests;
			sourceTree = "<group>";
		};
/* End PBXGroup section */

/* Begin PBXNativeTarget section */
		DF0095962B63B22200A86DF4 /* SentimentAnalysis */ = {
			isa = PBXNativeTarget;
			buildConfigurationList = DF0095BB2B63B22400A86DF4 /* Build configuration list for PBXNativeTarget "SentimentAnalysis" */;
			buildPhases = (
				DF0095932B63B22200A86DF4 /* Sources */,
				DF0095942B63B22200A86DF4 /* Frameworks */,
				DF0095952B63B22200A86DF4 /* Resources */,
			);
			buildRules = (
			);
			dependencies = (
			);
			name = SentimentAnalysis;
			productName = SentimentAnalysis;
			productReference = DF0095972B63B22200A86DF4 /* SentimentAnalysis.app */;
			productType = "com.apple.product-type.application";
		};
		DF0095A62B63B22400A86DF4 /* SentimentAnalysisTests */ = {
			isa = PBXNativeTarget;
			buildConfigurationList = DF0095BE2B63B22400A86DF4 /* Build configuration list for PBXNativeTarget "SentimentAnalysisTests" */;
			buildPhases = (
				DF0095A32B63B22400A86DF4 /* Sources */,
				DF0095A42B63B22400A86DF4 /* Frameworks */,
				DF0095A52B63B22400A86DF4 /* Resources */,
			);
			buildRules = (
			);
			dependencies = (
				DF0095A92B63B22400A86DF4 /* PBXTargetDependency */,
			);
			name = SentimentAnalysisTests;
			productName = SentimentAnalysisTests;
			productReference = DF0095A72B63B22400A86DF4 /* SentimentAnalysisTests.xctest */;
			productType = "com.apple.product-type.bundle.unit-test";
		};
		DF0095B02B63B22400A86DF4 /* SentimentAnalysisUITests */ = {
			isa = PBXNativeTarget;
			buildConfigurationList = DF0095C12B63B22400A86DF4 /* Build configuration list for PBXNativeTarget "SentimentAnalysisUITests" */;
			buildPhases = (
				DF0095AD2B63B22400A86DF4 /* Sources */,
				DF0095AE2B63B22400A86DF4 /* Frameworks */,
				DF0095AF2B63B22400A86DF4 /* Resources */,
			);
			buildRules = (
			);
			dependencies = (
				DF0095B32B63B22400A86DF4 /* PBXTargetDependency */,
			);
			name = SentimentAnalysisUITests;
			productName = SentimentAnalysisUITests;
			productReference = DF0095B12B63B22400A86DF4 /* SentimentAnalysisUITests.xctest */;
			productType = "com.apple.product-type.bundle.ui-testing";
		};
/* End PBXNativeTarget section */

/* Begin PBXProject section */
		DF00958F2B63B22100A86DF4 /* Project object */ = {
			isa = PBXProject;
			attributes = {
				BuildIndependentTargetsInParallel = 1;
				LastSwiftUpdateCheck = 1500;
				LastUpgradeCheck = 1500;
				TargetAttributes = {
					DF0095962B63B22200A86DF4 = {
						CreatedOnToolsVersion = 15.0.1;
					};
					DF0095A62B63B22400A86DF4 = {
						CreatedOnToolsVersion = 15.0.1;
						TestTargetID = DF0095962B63B22200A86DF4;
					};
					DF0095B02B63B22400A86DF4 = {
						CreatedOnToolsVersion = 15.0.1;
						TestTargetID = DF0095962B63B22200A86DF4;
					};
				};
			};
			buildConfigurationList = DF0095922B63B22100A86DF4 /* Build configuration list for PBXProject "SentimentAnalysis" */;
			compatibilityVersion = "Xcode 14.0";
			developmentRegion = en;
			hasScannedForEncodings = 0;
			knownRegions = (
				en,
				Base,
			);
			mainGroup = DF00958E2B63B22100A86DF4;
			productRefGroup = DF0095982B63B22200A86DF4 /* Products */;
			projectDirPath = "";
			projectRoot = "";
			targets = (
				DF0095962B63B22200A86DF4 /* SentimentAnalysis */,
				DF0095A62B63B22400A86DF4 /* SentimentAnalysisTests */,
				DF0095B02B63B22400A86DF4 /* SentimentAnalysisUITests */,
			);
		};
/* End PBXProject section */

/* Begin PBXResourcesBuildPhase section */
		DF0095952B63B22200A86DF4 /* Resources */ = {
			isa = PBXResourcesBuildPhase;
			buildActionMask = 2147483647;
			files = (
				DF0095A22B63B22400A86DF4 /* Preview Assets.xcassets in Resources */,
				DF00959F2B63B22400A86DF4 /* Assets.xcassets in Resources */,
			);
			runOnlyForDeploymentPostprocessing = 0;
		};
		DF0095A52B63B22400A86DF4 /* Resources */ = {
			isa = PBXResourcesBuildPhase;
			buildActionMask = 2147483647;
			files = (
			);
			runOnlyForDeploymentPostprocessing = 0;
		};
		DF0095AF2B63B22400A86DF4 /* Resources */ = {
			isa = PBXResourcesBuildPhase;
			buildActionMask = 2147483647;
			files = (
			);
			runOnlyForDeploymentPostprocessing = 0;
		};
/* End PBXResourcesBuildPhase section */

/* Begin PBXSourcesBuildPhase section */
		DF0095932B63B22200A86DF4 /* Sources */ = {
			isa = PBXSourcesBuildPhase;
			buildActionMask = 2147483647;
			files = (
				DF00959D2B63B22200A86DF4 /* ContentView.swift in Sources */,
				DF00959B2B63B22200A86DF4 /* SentimentAnalysisApp.swift in Sources */,
			);
			runOnlyForDeploymentPostprocessing = 0;
		};
		DF0095A32B63B22400A86DF4 /* Sources */ = {
			isa = PBXSourcesBuildPhase;
			buildActionMask = 2147483647;
			files = (
				DF0095AC2B63B22400A86DF4 /* SentimentAnalysisTests.swift in Sources */,
			);
			runOnlyForDeploymentPostprocessing = 0;
		};
		DF0095AD2B63B22400A86DF4 /* Sources */ = {
			isa = PBXSourcesBuildPhase;
			buildActionMask = 2147483647;
			files = (
				DF0095B82B63B22400A86DF4 /* SentimentAnalysisUITestsLaunchTests.swift in Sources */,
				DF0095B62B63B22400A86DF4 /* SentimentAnalysisUITests.swift in Sources */,
			);
			runOnlyForDeploymentPostprocessing = 0;
		};
/* End PBXSourcesBuildPhase section */

/* Begin PBXTargetDependency section */
		DF0095A92B63B22400A86DF4 /* PBXTargetDependency */ = {
			isa = PBXTargetDependency;
			target = DF0095962B63B22200A86DF4 /* SentimentAnalysis */;
			targetProxy = DF0095A82B63B22400A86DF4 /* PBXContainerItemProxy */;
		};
		DF0095B32B63B22400A86DF4 /* PBXTargetDependency */ = {
			isa = PBXTargetDependency;
			target = DF0095962B63B22200A86DF4 /* SentimentAnalysis */;
			targetProxy = DF0095B22B63B22400A86DF4 /* PBXContainerItemProxy */;
		};
/* End PBXTargetDependency section */

/* Begin XCBuildConfiguration section */
		DF0095B92B63B22400A86DF4 /* Debug */ = {
			isa = XCBuildConfiguration;
			buildSettings = {
				ALWAYS_SEARCH_USER_PATHS = NO;
				ASSETCATALOG_COMPILER_GENERATE_SWIFT_ASSET_SYMBOL_EXTENSIONS = YES;
				CLANG_ANALYZER_NONNULL = YES;
				CLANG_ANALYZER_NUMBER_OBJECT_CONVERSION = YES_AGGRESSIVE;
				CLANG_CXX_LANGUAGE_STANDARD = "gnu++20";
				CLANG_ENABLE_MODULES = YES;
				CLANG_ENABLE_OBJC_ARC = YES;
				CLANG_ENABLE_OBJC_WEAK = YES;
				CLANG_WARN_BLOCK_CAPTURE_AUTORELEASING = YES;
				CLANG_WARN_BOOL_CONVERSION = YES;
				CLANG_WARN_COMMA = YES;
				CLANG_WARN_CONSTANT_CONVERSION = YES;
				CLANG_WARN_DEPRECATED_OBJC_IMPLEMENTATIONS = YES;
				CLANG_WARN_DIRECT_OBJC_ISA_USAGE = YES_ERROR;
				CLANG_WARN_DOCUMENTATION_COMMENTS = YES;
				CLANG_WARN_EMPTY_BODY = YES;
				CLANG_WARN_ENUM_CONVERSION = YES;
				CLANG_WARN_INFINITE_RECURSION = YES;
				CLANG_WARN_INT_CONVERSION = YES;
				CLANG_WARN_NON_LITERAL_NULL_CONVERSION = YES;
				CLANG_WARN_OBJC_IMPLICIT_RETAIN_SELF = YES;
				CLANG_WARN_OBJC_LITERAL_CONVERSION = YES;
				CLANG_WARN_OBJC_ROOT_CLASS = YES_ERROR;
				CLANG_WARN_QUOTED_INCLUDE_IN_FRAMEWORK_HEADER = YES;
				CLANG_WARN_RANGE_LOOP_ANALYSIS = YES;
				CLANG_WARN_STRICT_PROTOTYPES = YES;
				CLANG_WARN_SUSPICIOUS_MOVE = YES;
				CLANG_WARN_UNGUARDED_AVAILABILITY = YES_AGGRESSIVE;
				CLANG_WARN_UNREACHABLE_CODE = YES;
				CLANG_WARN__DUPLICATE_METHOD_MATCH = YES;
				COPY_PHASE_STRIP = NO;
				DEBUG_INFORMATION_FORMAT = dwarf;
				ENABLE_STRICT_OBJC_MSGSEND = YES;
				ENABLE_TESTABILITY = YES;
				ENABLE_USER_SCRIPT_SANDBOXING = YES;
				GCC_C_LANGUAGE_STANDARD = gnu17;
				GCC_DYNAMIC_NO_PIC = NO;
				GCC_NO_COMMON_BLOCKS = YES;
				GCC_OPTIMIZATION_LEVEL = 0;
				GCC_PREPROCESSOR_DEFINITIONS = (
					"DEBUG=1",
					"$(inherited)",
				);
				GCC_WARN_64_TO_32_BIT_CONVERSION = YES;
				GCC_WARN_ABOUT_RETURN_TYPE = YES_ERROR;
				GCC_WARN_UNDECLARED_SELECTOR = YES;
				GCC_WARN_UNINITIALIZED_AUTOS = YES_AGGRESSIVE;
				GCC_WARN_UNUSED_FUNCTION = YES;
				GCC_WARN_UNUSED_VARIABLE = YES;
				IPHONEOS_DEPLOYMENT_TARGET = 17.0;
				LOCALIZATION_PREFERS_STRING_CATALOGS = YES;
				MTL_ENABLE_DEBUG_INFO = INCLUDE_SOURCE;
				MTL_FAST_MATH = YES;
				ONLY_ACTIVE_ARCH = YES;
				SDKROOT = iphoneos;
				SWIFT_ACTIVE_COMPILATION_CONDITIONS = "DEBUG $(inherited)";
				SWIFT_OPTIMIZATION_LEVEL = "-Onone";
			};
			name = Debug;
		};
		DF0095BA2B63B22400A86DF4 /* Release */ = {
			isa = XCBuildConfiguration;
			buildSettings = {
				ALWAYS_SEARCH_USER_PATHS = NO;
				ASSETCATALOG_COMPILER_GENERATE_SWIFT_ASSET_SYMBOL_EXTENSIONS = YES;
				CLANG_ANALYZER_NONNULL = YES;
				CLANG_ANALYZER_NUMBER_OBJECT_CONVERSION = YES_AGGRESSIVE;
				CLANG_CXX_LANGUAGE_STANDARD = "gnu++20";
				CLANG_ENABLE_MODULES = YES;
				CLANG_ENABLE_OBJC_ARC = YES;
				CLANG_ENABLE_OBJC_WEAK = YES;
				CLANG_WARN_BLOCK_CAPTURE_AUTORELEASING = YES;
				CLANG_WARN_BOOL_CONVERSION = YES;
				CLANG_WARN_COMMA = YES;
				CLANG_WARN_CONSTANT_CONVERSION = YES;
				CLANG_WARN_DEPRECATED_OBJC_IMPLEMENTATIONS = YES;
				CLANG_WARN_DIRECT_OBJC_ISA_USAGE = YES_ERROR;
				CLANG_WARN_DOCUMENTATION_COMMENTS = YES;
				CLANG_WARN_EMPTY_BODY = YES;
				CLANG_WARN_ENUM_CONVERSION = YES;
				CLANG_WARN_INFINITE_RECURSION = YES;
				CLANG_WARN_INT_CONVERSION = YES;
				CLANG_WARN_NON_LITERAL_NULL_CONVERSION = YES;
				CLANG_WARN_OBJC_IMPLICIT_RETAIN_SELF = YES;
				CLANG_WARN_OBJC_LITERAL_CONVERSION = YES;
				CLANG_WARN_OBJC_ROOT_CLASS = YES_ERROR;
				CLANG_WARN_QUOTED_INCLUDE_IN_FRAMEWORK_HEADER = YES;
				CLANG_WARN_RANGE_LOOP_ANALYSIS = YES;
				CLANG_WARN_STRICT_PROTOTYPES = YES;
				CLANG_WARN_SUSPICIOUS_MOVE = YES;
				CLANG_WARN_UNGUARDED_AVAILABILITY = YES_AGGRESSIVE;
				CLANG_WARN_UNREACHABLE_CODE = YES;
				CLANG_WARN__DUPLICATE_METHOD_MATCH = YES;
				COPY_PHASE_STRIP = NO;
				DEBUG_INFORMATION_FORMAT = "dwarf-with-dsym";
				ENABLE_NS_ASSERTIONS = NO;
				ENABLE_STRICT_OBJC_MSGSEND = YES;
				ENABLE_USER_SCRIPT_SANDBOXING = YES;
				GCC_C_LANGUAGE_STANDARD = gnu17;
				GCC_NO_COMMON_BLOCKS = YES;
				GCC_WARN_64_TO_32_BIT_CONVERSION = YES;
				GCC_WARN_ABOUT_RETURN_TYPE = YES_ERROR;
				GCC_WARN_UNDECLARED_SELECTOR = YES;
				GCC_WARN_UNINITIALIZED_AUTOS = YES_AGGRESSIVE;
				GCC_WARN_UNUSED_FUNCTION = YES;
				GCC_WARN_UNUSED_VARIABLE = YES;
				IPHONEOS_DEPLOYMENT_TARGET = 17.0;
				LOCALIZATION_PREFERS_STRING_CATALOGS = YES;
				MTL_ENABLE_DEBUG_INFO = NO;
				MTL_FAST_MATH = YES;
				SDKROOT = iphoneos;
				SWIFT_COMPILATION_MODE = wholemodule;
				VALIDATE_PRODUCT = YES;
			};
			name = Release;
		};
		DF0095BC2B63B22400A86DF4 /* Debug */ = {
			isa = XCBuildConfiguration;
			buildSettings = {
				ASSETCATALOG_COMPILER_APPICON_NAME = AppIcon;
				ASSETCATALOG_COMPILER_GLOBAL_ACCENT_COLOR_NAME = AccentColor;
				CODE_SIGN_STYLE = Automatic;
				CURRENT_PROJECT_VERSION = 1;
				DEVELOPMENT_ASSET_PATHS = "\"SentimentAnalysis/Preview Content\"";
				ENABLE_PREVIEWS = YES;
				GENERATE_INFOPLIST_FILE = YES;
				INFOPLIST_KEY_UIApplicationSceneManifest_Generation = YES;
				INFOPLIST_KEY_UIApplicationSupportsIndirectInputEvents = YES;
				INFOPLIST_KEY_UILaunchScreen_Generation = YES;
				INFOPLIST_KEY_UISupportedInterfaceOrientations_iPad = "UIInterfaceOrientationPortrait UIInterfaceOrientationPortraitUpsideDown UIInterfaceOrientationLandscapeLeft UIInterfaceOrientationLandscapeRight";
				INFOPLIST_KEY_UISupportedInterfaceOrientations_iPhone = "UIInterfaceOrientationPortrait UIInterfaceOrientationLandscapeLeft UIInterfaceOrientationLandscapeRight";
				LD_RUNPATH_SEARCH_PATHS = (
					"$(inherited)",
					"@executable_path/Frameworks",
				);
				MARKETING_VERSION = 1.0;
				PRODUCT_BUNDLE_IDENTIFIER = iut.SentimentAnalysis;
				PRODUCT_NAME = "$(TARGET_NAME)";
				SWIFT_EMIT_LOC_STRINGS = YES;
				SWIFT_VERSION = 5.0;
				TARGETED_DEVICE_FAMILY = "1,2";
			};
			name = Debug;
		};
		DF0095BD2B63B22400A86DF4 /* Release */ = {
			isa = XCBuildConfiguration;
			buildSettings = {
				ASSETCATALOG_COMPILER_APPICON_NAME = AppIcon;
				ASSETCATALOG_COMPILER_GLOBAL_ACCENT_COLOR_NAME = AccentColor;
				CODE_SIGN_STYLE = Automatic;
				CURRENT_PROJECT_VERSION = 1;
				DEVELOPMENT_ASSET_PATHS = "\"SentimentAnalysis/Preview Content\"";
				ENABLE_PREVIEWS = YES;
				GENERATE_INFOPLIST_FILE = YES;
				INFOPLIST_KEY_UIApplicationSceneManifest_Generation = YES;
				INFOPLIST_KEY_UIApplicationSupportsIndirectInputEvents = YES;
				INFOPLIST_KEY_UILaunchScreen_Generation = YES;
				INFOPLIST_KEY_UISupportedInterfaceOrientations_iPad = "UIInterfaceOrientationPortrait UIInterfaceOrientationPortraitUpsideDown UIInterfaceOrientationLandscapeLeft UIInterfaceOrientationLandscapeRight";
				INFOPLIST_KEY_UISupportedInterfaceOrientations_iPhone = "UIInterfaceOrientationPortrait UIInterfaceOrientationLandscapeLeft UIInterfaceOrientationLandscapeRight";
				LD_RUNPATH_SEARCH_PATHS = (
					"$(inherited)",
					"@executable_path/Frameworks",
				);
				MARKETING_VERSION = 1.0;
				PRODUCT_BUNDLE_IDENTIFIER = iut.SentimentAnalysis;
				PRODUCT_NAME = "$(TARGET_NAME)";
				SWIFT_EMIT_LOC_STRINGS = YES;
				SWIFT_VERSION = 5.0;
				TARGETED_DEVICE_FAMILY = "1,2";
			};
			name = Release;
		};
		DF0095BF2B63B22400A86DF4 /* Debug */ = {
			isa = XCBuildConfiguration;
			buildSettings = {
				ALWAYS_EMBED_SWIFT_STANDARD_LIBRARIES = YES;
				BUNDLE_LOADER = "$(TEST_HOST)";
				CODE_SIGN_STYLE = Automatic;
				CURRENT_PROJECT_VERSION = 1;
				GENERATE_INFOPLIST_FILE = YES;
				IPHONEOS_DEPLOYMENT_TARGET = 17.0;
				MARKETING_VERSION = 1.0;
				PRODUCT_BUNDLE_IDENTIFIER = iut.SentimentAnalysisTests;
				PRODUCT_NAME = "$(TARGET_NAME)";
				SWIFT_EMIT_LOC_STRINGS = NO;
				SWIFT_VERSION = 5.0;
				TARGETED_DEVICE_FAMILY = "1,2";
				TEST_HOST = "$(BUILT_PRODUCTS_DIR)/SentimentAnalysis.app/$(BUNDLE_EXECUTABLE_FOLDER_PATH)/SentimentAnalysis";
			};
			name = Debug;
		};
		DF0095C02B63B22400A86DF4 /* Release */ = {
			isa = XCBuildConfiguration;
			buildSettings = {
				ALWAYS_EMBED_SWIFT_STANDARD_LIBRARIES = YES;
				BUNDLE_LOADER = "$(TEST_HOST)";
				CODE_SIGN_STYLE = Automatic;
				CURRENT_PROJECT_VERSION = 1;
				GENERATE_INFOPLIST_FILE = YES;
				IPHONEOS_DEPLOYMENT_TARGET = 17.0;
				MARKETING_VERSION = 1.0;
				PRODUCT_BUNDLE_IDENTIFIER = iut.SentimentAnalysisTests;
				PRODUCT_NAME = "$(TARGET_NAME)";
				SWIFT_EMIT_LOC_STRINGS = NO;
				SWIFT_VERSION = 5.0;
				TARGETED_DEVICE_FAMILY = "1,2";
				TEST_HOST = "$(BUILT_PRODUCTS_DIR)/SentimentAnalysis.app/$(BUNDLE_EXECUTABLE_FOLDER_PATH)/SentimentAnalysis";
			};
			name = Release;
		};
		DF0095C22B63B22400A86DF4 /* Debug */ = {
			isa = XCBuildConfiguration;
			buildSettings = {
				ALWAYS_EMBED_SWIFT_STANDARD_LIBRARIES = YES;
				CODE_SIGN_STYLE = Automatic;
				CURRENT_PROJECT_VERSION = 1;
				GENERATE_INFOPLIST_FILE = YES;
				MARKETING_VERSION = 1.0;
				PRODUCT_BUNDLE_IDENTIFIER = iut.SentimentAnalysisUITests;
				PRODUCT_NAME = "$(TARGET_NAME)";
				SWIFT_EMIT_LOC_STRINGS = NO;
				SWIFT_VERSION = 5.0;
				TARGETED_DEVICE_FAMILY = "1,2";
				TEST_TARGET_NAME = SentimentAnalysis;
			};
			name = Debug;
		};
		DF0095C32B63B22400A86DF4 /* Release */ = {
			isa = XCBuildConfiguration;
			buildSettings = {
				ALWAYS_EMBED_SWIFT_STANDARD_LIBRARIES = YES;
				CODE_SIGN_STYLE = Automatic;
				CURRENT_PROJECT_VERSION = 1;
				GENERATE_INFOPLIST_FILE = YES;
				MARKETING_VERSION = 1.0;
				PRODUCT_BUNDLE_IDENTIFIER = iut.SentimentAnalysisUITests;
				PRODUCT_NAME = "$(TARGET_NAME)";
				SWIFT_EMIT_LOC_STRINGS = NO;
				SWIFT_VERSION = 5.0;
				TARGETED_DEVICE_FAMILY = "1,2";
				TEST_TARGET_NAME = SentimentAnalysis;
			};
			name = Release;
		};
/* End XCBuildConfiguration section */

/* Begin XCConfigurationList section */
		DF0095922B63B22100A86DF4 /* Build configuration list for PBXProject "SentimentAnalysis" */ = {
			isa = XCConfigurationList;
			buildConfigurations = (
				DF0095B92B63B22400A86DF4 /* Debug */,
				DF0095BA2B63B22400A86DF4 /* Release */,
			);
			defaultConfigurationIsVisible = 0;
			defaultConfigurationName = Release;
		};
		DF0095BB2B63B22400A86DF4 /* Build configuration list for PBXNativeTarget "SentimentAnalysis" */ = {
			isa = XCConfigurationList;
			buildConfigurations = (
				DF0095BC2B63B22400A86DF4 /* Debug */,
				DF0095BD2B63B22400A86DF4 /* Release */,
			);
			defaultConfigurationIsVisible = 0;
			defaultConfigurationName = Release;
		};
		DF0095BE2B63B22400A86DF4 /* Build configuration list for PBXNativeTarget "SentimentAnalysisTests" */ = {
			isa = XCConfigurationList;
			buildConfigurations = (
				DF0095BF2B63B22400A86DF4 /* Debug */,
				DF0095C02B63B22400A86DF4 /* Release */,
			);
			defaultConfigurationIsVisible = 0;
			defaultConfigurationName = Release;
		};
		DF0095C12B63B22400A86DF4 /* Build configuration list for PBXNativeTarget "SentimentAnalysisUITests" */ = {
			isa = XCConfigurationList;
			buildConfigurations = (
				DF0095C22B63B22400A86DF4 /* Debug */,
				DF0095C32B63B22400A86DF4 /* Release */,
			);
			defaultConfigurationIsVisible = 0;
			defaultConfigurationName = Release;
		};
/* End XCConfigurationList section */
	};
	rootObject = DF00958F2B63B22100A86DF4 /* Project object */;
}
